
Microsoft Visual Studio Solution File, Format Version 12.00
# Visual Studio Version 16
VisualStudioVersion = 16.0.29609.76
MinimumVisualStudioVersion = 10.0.40219.1
Project("{FAE04EC0-301F-11D3-BF4B-00C04F79EFBC}") = "Check Boxes 3.2", "Check Boxes 3.2\Check Boxes 3.2.csproj", "{97FCD312-F22E-48DF-B88E-B1EC536E905E}"
EndProject
Global
	GlobalSection(SolutionConfigurationPlatforms) = preSolution
		Debug|Any CPU = Debug|Any CPU
		Release|Any CPU = Release|Any CPU
	EndGlobalSection
	GlobalSection(ProjectConfigurationPlatforms) = postSolution
		{97FCD312-F22E-48DF-B88E-B1EC536E905E}.Debug|Any CPU.ActiveCfg = Debug|Any CPU
		{97FCD312-F22E-48DF-B88E-B1EC536E905E}.Debug|Any CPU.Build.0 = Debug|Any CPU
		{97FCD312-F22E-48DF-B88E-B1EC536E905E}.Release|Any CPU.ActiveCfg = Release|Any CPU
		{97FCD312-F22E-48DF-B88E-B1EC536E905E}.Release|Any CPU.Build.0 = Release|Any CPU
	EndGlobalSection
	GlobalSection(SolutionProperties) = preSolution
		HideSolutionNode = FALSE
	EndGlobalSection
	GlobalSection(ExtensibilityGlobals) = postSolution
		SolutionGuid = {5479C222-AE0D-477B-BED2-EF3434CB8F66}
	EndGlobalSection
EndGlobal
